
Microsoft Visual Studio Solution File, Format Version 12.00
# Visual Studio Version 16
VisualStudioVersion = 16.0.33130.400
MinimumVisualStudioVersion = 10.0.40219.1
Project("{FAE04EC0-301F-11D3-BF4B-00C04F79EFBC}") = "SitoEratostenesa", "SitoEratostenesa.csproj", "{8EEA1FE0-62B0-4113-B533-9B20E1ACA6EB}"
EndProject
Global
	GlobalSection(SolutionConfigurationPlatforms) = preSolution
		Debug|Any CPU = Debug|Any CPU
		Release|Any CPU = Release|Any CPU
	EndGlobalSection
	GlobalSection(ProjectConfigurationPlatforms) = postSolution
		{8EEA1FE0-62B0-4113-B533-9B20E1ACA6EB}.Debug|Any CPU.ActiveCfg = Debug|Any CPU
		{8EEA1FE0-62B0-4113-B533-9B20E1ACA6EB}.Debug|Any CPU.Build.0 = Debug|Any CPU
		{8EEA1FE0-62B0-4113-B533-9B20E1ACA6EB}.Release|Any CPU.ActiveCfg = Release|Any CPU
		{8EEA1FE0-62B0-4113-B533-9B20E1ACA6EB}.Release|Any CPU.Build.0 = Release|Any CPU
	EndGlobalSection
	GlobalSection(SolutionProperties) = preSolution
		HideSolutionNode = FALSE
	EndGlobalSection
	GlobalSection(ExtensibilityGlobals) = postSolution
		SolutionGuid = {66527E53-4652-44B7-AC81-0620D8B1A0DB}
	EndGlobalSection
EndGlobal
